// !$*UTF8*$!
{
	archiveVersion = 1;
	classes = {
	};
	objectVersion = 50;
	objects = {

/* Begin PBXBuildFile section */
		E5C0F91D212176E2001B6693 /* AppDelegate.swift in Sources */ = {isa = PBXBuildFile; fileRef = E5C0F91C212176E2001B6693 /* AppDelegate.swift */; };
		E5C0F922212176E2001B6693 /* Main.storyboard in Resources */ = {isa = PBXBuildFile; fileRef = E5C0F920212176E2001B6693 /* Main.storyboard */; };
		E5C0F925212176E2001B6693 /* Crossword_iOS.xcdatamodeld in Sources */ = {isa = PBXBuildFile; fileRef = E5C0F923212176E2001B6693 /* Crossword_iOS.xcdatamodeld */; };
		E5C0F927212176E3001B6693 /* Assets.xcassets in Resources */ = {isa = PBXBuildFile; fileRef = E5C0F926212176E3001B6693 /* Assets.xcassets */; };
		E5C0F92A212176E3001B6693 /* LaunchScreen.storyboard in Resources */ = {isa = PBXBuildFile; fileRef = E5C0F928212176E3001B6693 /* LaunchScreen.storyboard */; };
		E5C0F93221217774001B6693 /* CMWindowController.swift in Sources */ = {isa = PBXBuildFile; fileRef = E5C0F93121217774001B6693 /* CMWindowController.swift */; };
		E5C0F93421217785001B6693 /* CMWindow.swift in Sources */ = {isa = PBXBuildFile; fileRef = E5C0F93321217785001B6693 /* CMWindow.swift */; };
		E5C0F93821217CA9001B6693 /* CMGridViewController.swift in Sources */ = {isa = PBXBuildFile; fileRef = E5C0F93721217CA9001B6693 /* CMGridViewController.swift */; };
		E5C0F93A21217CCA001B6693 /* CMGridCellView.swift in Sources */ = {isa = PBXBuildFile; fileRef = E5C0F93921217CCA001B6693 /* CMGridCellView.swift */; };
		E5C0F93C21217CD5001B6693 /* CMSlot.swift in Sources */ = {isa = PBXBuildFile; fileRef = E5C0F93B21217CD5001B6693 /* CMSlot.swift */; };
		E5C0F93F21232EEB001B6693 /* vyrazy.csv in Resources */ = {isa = PBXBuildFile; fileRef = E5C0F93E21232EEA001B6693 /* vyrazy.csv */; };
		E5C0F941212331EC001B6693 /* tajnicky.csv in Resources */ = {isa = PBXBuildFile; fileRef = E5C0F940212331EB001B6693 /* tajnicky.csv */; };
/* End PBXBuildFile section */

/* Begin PBXFileReference section */
		E5C0F919212176E2001B6693 /* Crossword_iOS.app */ = {isa = PBXFileReference; explicitFileType = wrapper.application; includeInIndex = 0; path = Crossword_iOS.app; sourceTree = BUILT_PRODUCTS_DIR; };
		E5C0F91C212176E2001B6693 /* AppDelegate.swift */ = {isa = PBXFileReference; lastKnownFileType = sourcecode.swift; path = AppDelegate.swift; sourceTree = "<group>"; };
		E5C0F921212176E2001B6693 /* Base */ = {isa = PBXFileReference; lastKnownFileType = file.storyboard; name = Base; path = Base.lproj/Main.storyboard; sourceTree = "<group>"; };
		E5C0F924212176E2001B6693 /* Crossword_iOS.xcdatamodel */ = {isa = PBXFileReference; lastKnownFileType = wrapper.xcdatamodel; path = Crossword_iOS.xcdatamodel; sourceTree = "<group>"; };
		E5C0F926212176E3001B6693 /* Assets.xcassets */ = {isa = PBXFileReference; lastKnownFileType = folder.assetcatalog; path = Assets.xcassets; sourceTree = "<group>"; };
		E5C0F929212176E3001B6693 /* Base */ = {isa = PBXFileReference; lastKnownFileType = file.storyboard; name = Base; path = Base.lproj/LaunchScreen.storyboard; sourceTree = "<group>"; };
		E5C0F92B212176E3001B6693 /* Info.plist */ = {isa = PBXFileReference; lastKnownFileType = text.plist.xml; path = Info.plist; sourceTree = "<group>"; };
		E5C0F93121217774001B6693 /* CMWindowController.swift */ = {isa = PBXFileReference; lastKnownFileType = sourcecode.swift; path = CMWindowController.swift; sourceTree = "<group>"; };
		E5C0F93321217785001B6693 /* CMWindow.swift */ = {isa = PBXFileReference; lastKnownFileType = sourcecode.swift; path = CMWindow.swift; sourceTree = "<group>"; };
		E5C0F93721217CA9001B6693 /* CMGridViewController.swift */ = {isa = PBXFileReference; lastKnownFileType = sourcecode.swift; path = CMGridViewController.swift; sourceTree = "<group>"; };
		E5C0F93921217CCA001B6693 /* CMGridCellView.swift */ = {isa = PBXFileReference; lastKnownFileType = sourcecode.swift; path = CMGridCellView.swift; sourceTree = "<group>"; };
		E5C0F93B21217CD5001B6693 /* CMSlot.swift */ = {isa = PBXFileReference; lastKnownFileType = sourcecode.swift; path = CMSlot.swift; sourceTree = "<group>"; };
		E5C0F93E21232EEA001B6693 /* vyrazy.csv */ = {isa = PBXFileReference; fileEncoding = 4; lastKnownFileType = text; path = vyrazy.csv; sourceTree = "<group>"; };
		E5C0F940212331EB001B6693 /* tajnicky.csv */ = {isa = PBXFileReference; fileEncoding = 4; lastKnownFileType = text; path = tajnicky.csv; sourceTree = "<group>"; };
/* End PBXFileReference section */

/* Begin PBXFrameworksBuildPhase section */
		E5C0F916212176E2001B6693 /* Frameworks */ = {
			isa = PBXFrameworksBuildPhase;
			buildActionMask = 2147483647;
			files = (
			);
			runOnlyForDeploymentPostprocessing = 0;
		};
/* End PBXFrameworksBuildPhase section */

/* Begin PBXGroup section */
		E5C0F910212176E2001B6693 = {
			isa = PBXGroup;
			children = (
				E5C0F91B212176E2001B6693 /* Crossword_iOS */,
				E5C0F91A212176E2001B6693 /* Products */,
			);
			sourceTree = "<group>";
		};
		E5C0F91A212176E2001B6693 /* Products */ = {
			isa = PBXGroup;
			children = (
				E5C0F919212176E2001B6693 /* Crossword_iOS.app */,
			);
			name = Products;
			sourceTree = "<group>";
		};
		E5C0F91B212176E2001B6693 /* Crossword_iOS */ = {
			isa = PBXGroup;
			children = (
				E5C0F91C212176E2001B6693 /* AppDelegate.swift */,
				E5C0F920212176E2001B6693 /* Main.storyboard */,
				E5C0F93121217774001B6693 /* CMWindowController.swift */,
				E5C0F93321217785001B6693 /* CMWindow.swift */,
				E5C0F93721217CA9001B6693 /* CMGridViewController.swift */,
				E5C0F93921217CCA001B6693 /* CMGridCellView.swift */,
				E5C0F93B21217CD5001B6693 /* CMSlot.swift */,
				E5C0F926212176E3001B6693 /* Assets.xcassets */,
				E5C0F928212176E3001B6693 /* LaunchScreen.storyboard */,
				E5C0F92B212176E3001B6693 /* Info.plist */,
				E5C0F923212176E2001B6693 /* Crossword_iOS.xcdatamodeld */,
				E5C0F93E21232EEA001B6693 /* vyrazy.csv */,
				E5C0F940212331EB001B6693 /* tajnicky.csv */,
			);
			path = Crossword_iOS;
			sourceTree = "<group>";
		};
/* End PBXGroup section */

/* Begin PBXNativeTarget section */
		E5C0F918212176E2001B6693 /* Crossword_iOS */ = {
			isa = PBXNativeTarget;
			buildConfigurationList = E5C0F92E212176E3001B6693 /* Build configuration list for PBXNativeTarget "Crossword_iOS" */;
			buildPhases = (
				E5C0F915212176E2001B6693 /* Sources */,
				E5C0F916212176E2001B6693 /* Frameworks */,
				E5C0F917212176E2001B6693 /* Resources */,
			);
			buildRules = (
			);
			dependencies = (
			);
			name = Crossword_iOS;
			productName = Crossword_iOS;
			productReference = E5C0F919212176E2001B6693 /* Crossword_iOS.app */;
			productType = "com.apple.product-type.application";
		};
/* End PBXNativeTarget section */

/* Begin PBXProject section */
		E5C0F911212176E2001B6693 /* Project object */ = {
			isa = PBXProject;
			attributes = {
				LastSwiftUpdateCheck = 0940;
				LastUpgradeCheck = 0940;
				ORGANIZATIONNAME = "Natalia Struharova";
				TargetAttributes = {
					E5C0F918212176E2001B6693 = {
						CreatedOnToolsVersion = 9.4.1;
					};
				};
			};
			buildConfigurationList = E5C0F914212176E2001B6693 /* Build configuration list for PBXProject "Crossword_iOS" */;
			compatibilityVersion = "Xcode 9.3";
			developmentRegion = en;
			hasScannedForEncodings = 0;
			knownRegions = (
				en,
				Base,
			);
			mainGroup = E5C0F910212176E2001B6693;
			productRefGroup = E5C0F91A212176E2001B6693 /* Products */;
			projectDirPath = "";
			projectRoot = "";
			targets = (
				E5C0F918212176E2001B6693 /* Crossword_iOS */,
			);
		};
/* End PBXProject section */

/* Begin PBXResourcesBuildPhase section */
		E5C0F917212176E2001B6693 /* Resources */ = {
			isa = PBXResourcesBuildPhase;
			buildActionMask = 2147483647;
			files = (
				E5C0F92A212176E3001B6693 /* LaunchScreen.storyboard in Resources */,
				E5C0F93F21232EEB001B6693 /* vyrazy.csv in Resources */,
				E5C0F941212331EC001B6693 /* tajnicky.csv in Resources */,
				E5C0F927212176E3001B6693 /* Assets.xcassets in Resources */,
				E5C0F922212176E2001B6693 /* Main.storyboard in Resources */,
			);
			runOnlyForDeploymentPostprocessing = 0;
		};
/* End PBXResourcesBuildPhase section */

/* Begin PBXSourcesBuildPhase section */
		E5C0F915212176E2001B6693 /* Sources */ = {
			isa = PBXSourcesBuildPhase;
			buildActionMask = 2147483647;
			files = (
				E5C0F93A21217CCA001B6693 /* CMGridCellView.swift in Sources */,
				E5C0F93821217CA9001B6693 /* CMGridViewController.swift in Sources */,
				E5C0F93421217785001B6693 /* CMWindow.swift in Sources */,
				E5C0F91D212176E2001B6693 /* AppDelegate.swift in Sources */,
				E5C0F93C21217CD5001B6693 /* CMSlot.swift in Sources */,
				E5C0F925212176E2001B6693 /* Crossword_iOS.xcdatamodeld in Sources */,
				E5C0F93221217774001B6693 /* CMWindowController.swift in Sources */,
			);
			runOnlyForDeploymentPostprocessing = 0;
		};
/* End PBXSourcesBuildPhase section */

/* Begin PBXVariantGroup section */
		E5C0F920212176E2001B6693 /* Main.storyboard */ = {
			isa = PBXVariantGroup;
			children = (
				E5C0F921212176E2001B6693 /* Base */,
			);
			name = Main.storyboard;
			sourceTree = "<group>";
		};
		E5C0F928212176E3001B6693 /* LaunchScreen.storyboard */ = {
			isa = PBXVariantGroup;
			children = (
				E5C0F929212176E3001B6693 /* Base */,
			);
			name = LaunchScreen.storyboard;
			sourceTree = "<group>";
		};
/* End PBXVariantGroup section */

/* Begin XCBuildConfiguration section */
		E5C0F92C212176E3001B6693 /* Debug */ = {
			isa = XCBuildConfiguration;
			buildSettings = {
				ALWAYS_SEARCH_USER_PATHS = NO;
				CLANG_ANALYZER_NONNULL = YES;
				CLANG_ANALYZER_NUMBER_OBJECT_CONVERSION = YES_AGGRESSIVE;
				CLANG_CXX_LANGUAGE_STANDARD = "gnu++14";
				CLANG_CXX_LIBRARY = "libc++";
				CLANG_ENABLE_MODULES = YES;
				CLANG_ENABLE_OBJC_ARC = YES;
				CLANG_ENABLE_OBJC_WEAK = YES;
				CLANG_WARN_BLOCK_CAPTURE_AUTORELEASING = YES;
				CLANG_WARN_BOOL_CONVERSION = YES;
				CLANG_WARN_COMMA = YES;
				CLANG_WARN_CONSTANT_CONVERSION = YES;
				CLANG_WARN_DEPRECATED_OBJC_IMPLEMENTATIONS = YES;
				CLANG_WARN_DIRECT_OBJC_ISA_USAGE = YES_ERROR;
				CLANG_WARN_DOCUMENTATION_COMMENTS = YES;
				CLANG_WARN_EMPTY_BODY = YES;
				CLANG_WARN_ENUM_CONVERSION = YES;
				CLANG_WARN_INFINITE_RECURSION = YES;
				CLANG_WARN_INT_CONVERSION = YES;
				CLANG_WARN_NON_LITERAL_NULL_CONVERSION = YES;
				CLANG_WARN_OBJC_IMPLICIT_RETAIN_SELF = YES;
				CLANG_WARN_OBJC_LITERAL_CONVERSION = YES;
				CLANG_WARN_OBJC_ROOT_CLASS = YES_ERROR;
				CLANG_WARN_RANGE_LOOP_ANALYSIS = YES;
				CLANG_WARN_STRICT_PROTOTYPES = YES;
				CLANG_WARN_SUSPICIOUS_MOVE = YES;
				CLANG_WARN_UNGUARDED_AVAILABILITY = YES_AGGRESSIVE;
				CLANG_WARN_UNREACHABLE_CODE = YES;
				CLANG_WARN__DUPLICATE_METHOD_MATCH = YES;
				CODE_SIGN_IDENTITY = "iPhone Developer";
				COPY_PHASE_STRIP = NO;
				DEBUG_INFORMATION_FORMAT = dwarf;
				ENABLE_STRICT_OBJC_MSGSEND = YES;
				ENABLE_TESTABILITY = YES;
				GCC_C_LANGUAGE_STANDARD = gnu11;
				GCC_DYNAMIC_NO_PIC = NO;
				GCC_NO_COMMON_BLOCKS = YES;
				GCC_OPTIMIZATION_LEVEL = 0;
				GCC_PREPROCESSOR_DEFINITIONS = (
					"DEBUG=1",
					"$(inherited)",
				);
				GCC_WARN_64_TO_32_BIT_CONVERSION = YES;
				GCC_WARN_ABOUT_RETURN_TYPE = YES_ERROR;
				GCC_WARN_UNDECLARED_SELECTOR = YES;
				GCC_WARN_UNINITIALIZED_AUTOS = YES_AGGRESSIVE;
				GCC_WARN_UNUSED_FUNCTION = YES;
				GCC_WARN_UNUSED_VARIABLE = YES;
				IPHONEOS_DEPLOYMENT_TARGET = 11.4;
				MTL_ENABLE_DEBUG_INFO = YES;
				ONLY_ACTIVE_ARCH = YES;
				SDKROOT = iphoneos;
				SWIFT_ACTIVE_COMPILATION_CONDITIONS = DEBUG;
				SWIFT_OPTIMIZATION_LEVEL = "-Onone";
			};
			name = Debug;
		};
		E5C0F92D212176E3001B6693 /* Release */ = {
			isa = XCBuildConfiguration;
			buildSettings = {
				ALWAYS_SEARCH_USER_PATHS = NO;
				CLANG_ANALYZER_NONNULL = YES;
				CLANG_ANALYZER_NUMBER_OBJECT_CONVERSION = YES_AGGRESSIVE;
				CLANG_CXX_LANGUAGE_STANDARD = "gnu++14";
				CLANG_CXX_LIBRARY = "libc++";
				CLANG_ENABLE_MODULES = YES;
				CLANG_ENABLE_OBJC_ARC = YES;
				CLANG_ENABLE_OBJC_WEAK = YES;
				CLANG_WARN_BLOCK_CAPTURE_AUTORELEASING = YES;
				CLANG_WARN_BOOL_CONVERSION = YES;
				CLANG_WARN_COMMA = YES;
				CLANG_WARN_CONSTANT_CONVERSION = YES;
				CLANG_WARN_DEPRECATED_OBJC_IMPLEMENTATIONS = YES;
				CLANG_WARN_DIRECT_OBJC_ISA_USAGE = YES_ERROR;
				CLANG_WARN_DOCUMENTATION_COMMENTS = YES;
				CLANG_WARN_EMPTY_BODY = YES;
				CLANG_WARN_ENUM_CONVERSION = YES;
				CLANG_WARN_INFINITE_RECURSION = YES;
				CLANG_WARN_INT_CONVERSION = YES;
				CLANG_WARN_NON_LITERAL_NULL_CONVERSION = YES;
				CLANG_WARN_OBJC_IMPLICIT_RETAIN_SELF = YES;
				CLANG_WARN_OBJC_LITERAL_CONVERSION = YES;
				CLANG_WARN_OBJC_ROOT_CLASS = YES_ERROR;
				CLANG_WARN_RANGE_LOOP_ANALYSIS = YES;
				CLANG_WARN_STRICT_PROTOTYPES = YES;
				CLANG_WARN_SUSPICIOUS_MOVE = YES;
				CLANG_WARN_UNGUARDED_AVAILABILITY = YES_AGGRESSIVE;
				CLANG_WARN_UNREACHABLE_CODE = YES;
				CLANG_WARN__DUPLICATE_METHOD_MATCH = YES;
				CODE_SIGN_IDENTITY = "iPhone Developer";
				COPY_PHASE_STRIP = NO;
				DEBUG_INFORMATION_FORMAT = "dwarf-with-dsym";
				ENABLE_NS_ASSERTIONS = NO;
				ENABLE_STRICT_OBJC_MSGSEND = YES;
				GCC_C_LANGUAGE_STANDARD = gnu11;
				GCC_NO_COMMON_BLOCKS = YES;
				GCC_WARN_64_TO_32_BIT_CONVERSION = YES;
				GCC_WARN_ABOUT_RETURN_TYPE = YES_ERROR;
				GCC_WARN_UNDECLARED_SELECTOR = YES;
				GCC_WARN_UNINITIALIZED_AUTOS = YES_AGGRESSIVE;
				GCC_WARN_UNUSED_FUNCTION = YES;
				GCC_WARN_UNUSED_VARIABLE = YES;
				IPHONEOS_DEPLOYMENT_TARGET = 11.4;
				MTL_ENABLE_DEBUG_INFO = NO;
				SDKROOT = iphoneos;
				SWIFT_COMPILATION_MODE = wholemodule;
				SWIFT_OPTIMIZATION_LEVEL = "-O";
				VALIDATE_PRODUCT = YES;
			};
			name = Release;
		};
		E5C0F92F212176E3001B6693 /* Debug */ = {
			isa = XCBuildConfiguration;
			buildSettings = {
				ASSETCATALOG_COMPILER_APPICON_NAME = AppIcon;
				CODE_SIGN_STYLE = Automatic;
				DEVELOPMENT_TEAM = 96K845G899;
				INFOPLIST_FILE = Crossword_iOS/Info.plist;
				LD_RUNPATH_SEARCH_PATHS = (
					"$(inherited)",
					"@executable_path/Frameworks",
				);
				PRODUCT_BUNDLE_IDENTIFIER = "Natalia-Struharova.Crossword-iOS";
				PRODUCT_NAME = "$(TARGET_NAME)";
				SWIFT_VERSION = 4.0;
				TARGETED_DEVICE_FAMILY = "1,2";
			};
			name = Debug;
		};
		E5C0F930212176E3001B6693 /* Release */ = {
			isa = XCBuildConfiguration;
			buildSettings = {
				ASSETCATALOG_COMPILER_APPICON_NAME = AppIcon;
				CODE_SIGN_STYLE = Automatic;
				DEVELOPMENT_TEAM = 96K845G899;
				INFOPLIST_FILE = Crossword_iOS/Info.plist;
				LD_RUNPATH_SEARCH_PATHS = (
					"$(inherited)",
					"@executable_path/Frameworks",
				);
				PRODUCT_BUNDLE_IDENTIFIER = "Natalia-Struharova.Crossword-iOS";
				PRODUCT_NAME = "$(TARGET_NAME)";
				SWIFT_VERSION = 4.0;
				TARGETED_DEVICE_FAMILY = "1,2";
			};
			name = Release;
		};
/* End XCBuildConfiguration section */

/* Begin XCConfigurationList section */
		E5C0F914212176E2001B6693 /* Build configuration list for PBXProject "Crossword_iOS" */ = {
			isa = XCConfigurationList;
			buildConfigurations = (
				E5C0F92C212176E3001B6693 /* Debug */,
				E5C0F92D212176E3001B6693 /* Release */,
			);
			defaultConfigurationIsVisible = 0;
			defaultConfigurationName = Release;
		};
		E5C0F92E212176E3001B6693 /* Build configuration list for PBXNativeTarget "Crossword_iOS" */ = {
			isa = XCConfigurationList;
			buildConfigurations = (
				E5C0F92F212176E3001B6693 /* Debug */,
				E5C0F930212176E3001B6693 /* Release */,
			);
			defaultConfigurationIsVisible = 0;
			defaultConfigurationName = Release;
		};
/* End XCConfigurationList section */

/* Begin XCVersionGroup section */
		E5C0F923212176E2001B6693 /* Crossword_iOS.xcdatamodeld */ = {
			isa = XCVersionGroup;
			children = (
				E5C0F924212176E2001B6693 /* Crossword_iOS.xcdatamodel */,
			);
			currentVersion = E5C0F924212176E2001B6693 /* Crossword_iOS.xcdatamodel */;
			path = Crossword_iOS.xcdatamodeld;
			sourceTree = "<group>";
			versionGroupType = wrapper.xcdatamodel;
		};
/* End XCVersionGroup section */
	};
	rootObject = E5C0F911212176E2001B6693 /* Project object */;
}
